
Microsoft Visual Studio Solution File, Format Version 12.00
# Visual Studio Version 17
VisualStudioVersion = 17.14.36616.10
MinimumVisualStudioVersion = 10.0.40219.1
Project("{FAE04EC0-301F-11D3-BF4B-00C04F79EFBC}") = "EFEMGUI", "EFEMGUI\EFEMGUI.csproj", "{3C5F7279-BADA-43FA-88B3-C02CAA7B72B0}"
EndProject
Project("{FAE04EC0-301F-11D3-BF4B-00C04F79EFBC}") = "EFEMGUIControls", "EFEMControls\EFEMGUIControls.csproj", "{3B18C02B-C700-4378-BC12-61F83BB4D600}"
EndProject
Project("{FAE04EC0-301F-11D3-BF4B-00C04F79EFBC}") = "EFEMLogUtility", "LogUtility\EFEMLogUtility.csproj", "{90EFB1DD-5319-4EAA-80C7-9CDC733041AF}"
EndProject
Project("{FAE04EC0-301F-11D3-BF4B-00C04F79EFBC}") = "EFEMExceptionManagement", "EFEMExceptionManagement\EFEMExceptionManagement.csproj", "{756CAFAD-9BF0-4892-B53B-4B275E6F0B6B}"
EndProject
Project("{FAE04EC0-301F-11D3-BF4B-00C04F79EFBC}") = "EFEMDataCenter", "EFEMDataCenter\EFEMDataCenter.csproj", "{8F394E36-C16E-4BCF-BAE7-128AB15CF5B8}"
EndProject
Project("{FAE04EC0-301F-11D3-BF4B-00C04F79EFBC}") = "EFEMVarCenter", "EFEMVarCenter\EFEMVarCenter.csproj", "{1F46A0BF-E6CD-473F-B1E6-CEE32A36F2B0}"
EndProject
Project("{FAE04EC0-301F-11D3-BF4B-00C04F79EFBC}") = "TDKServices", "TDKServices\TDKServices.csproj", "{2EF6457A-697C-41BD-B8E4-4D806335AC74}"
EndProject
Project("{FAE04EC0-301F-11D3-BF4B-00C04F79EFBC}") = "TDKController", "TDKController\TDKController.csproj", "{62337363-63B5-4DFE-84D9-C5348B3CFD8D}"
EndProject
Project("{FAE04EC0-301F-11D3-BF4B-00C04F79EFBC}") = "Communication", "Communication\Communication.csproj", "{279A0BCC-2EE7-43D6-858F-4A800E995951}"
EndProject
Project("{FAE04EC0-301F-11D3-BF4B-00C04F79EFBC}") = "DIO", "DIO\DIO.csproj", "{8EFC1D03-A9D7-427A-B1E9-B4FD3CCC77BD}"
EndProject
Project("{FAE04EC0-301F-11D3-BF4B-00C04F79EFBC}") = "Log", "Log\Log.csproj", "{EDBB16D4-CFF4-4CC9-B979-74F23ADF218D}"
EndProject
Project("{FAE04EC0-301F-11D3-BF4B-00C04F79EFBC}") = "TDKGUI", "TDKGUI\TDKGUI.csproj", "{4E913071-CE09-46DE-93B8-4975742F68D2}"
EndProject
Project("{2150E333-8FDC-42A3-9474-1A3956D46DE8}") = "AutoTest", "AutoTest", "{02EA681E-C7D8-13C7-8484-4AC65E1B71E8}"
EndProject
Project("{FAE04EC0-301F-11D3-BF4B-00C04F79EFBC}") = "LogUtilityUnitTest", "AutoTest\LogUtilityTest\LogUtilityUnitTest.csproj", "{D85A397D-1738-446C-BF05-A55F941188EC}"
EndProject
Project("{FAE04EC0-301F-11D3-BF4B-00C04F79EFBC}") = "TDKLogUtility", "TDKLogUtility\TDKLogUtility.csproj", "{B69FDD41-DBE2-4B2C-808D-E218CF89EBDD}"
EndProject
Project("{FAE04EC0-301F-11D3-BF4B-00C04F79EFBC}") = "AdvantechDIO", "AdvantechDIO\AdvantechDIO.csproj", "{F1A2B3C4-D5E6-7890-ABCD-1234567890AB}"
EndProject
Project("{FAE04EC0-301F-11D3-BF4B-00C04F79EFBC}") = "AdvantechDIO.Tests", "AutoTest\AdvantechDIO.Tests\AdvantechDIO.Tests.csproj", "{E2F3A4B5-C6D7-8901-ABCD-234567890ABC}"
EndProject
Project("{FAE04EC0-301F-11D3-BF4B-00C04F79EFBC}") = "TDKController.Tests", "AutoTest\TDKController.Tests\TDKController.Tests.csproj", "{D1E2F3A4-B5C6-7890-DCBA-FE9876543210}"
EndProject
Project("{FAE04EC0-301F-11D3-BF4B-00C04F79EFBC}") = "TDKTestSocketServer", "TDKTestSocketServer\TDKTestSocketServer.csproj", "{736A3BEA-AF15-4F9C-815F-1B9F499A2AD5}"
EndProject
Project("{FAE04EC0-301F-11D3-BF4B-00C04F79EFBC}") = "TDKEmulator", "TDKEmulator\TDKEmulator.csproj", "{A1888E3A-3194-4633-9AEE-9C2216D7BF8A}"
EndProject
Global
	GlobalSection(SolutionConfigurationPlatforms) = preSolution
		Debug|Any CPU = Debug|Any CPU
		Debug|Mixed Platforms = Debug|Mixed Platforms
		Debug|x64 = Debug|x64
		Debug|x86 = Debug|x86
		Release|Any CPU = Release|Any CPU
		Release|Mixed Platforms = Release|Mixed Platforms
		Release|x64 = Release|x64
		Release|x86 = Release|x86
	EndGlobalSection
	GlobalSection(ProjectConfigurationPlatforms) = postSolution
		{3C5F7279-BADA-43FA-88B3-C02CAA7B72B0}.Debug|Any CPU.ActiveCfg = Debug|x86
		{3C5F7279-BADA-43FA-88B3-C02CAA7B72B0}.Debug|Mixed Platforms.ActiveCfg = Debug|x86
		{3C5F7279-BADA-43FA-88B3-C02CAA7B72B0}.Debug|Mixed Platforms.Build.0 = Debug|x86
		{3C5F7279-BADA-43FA-88B3-C02CAA7B72B0}.Debug|x64.ActiveCfg = Debug|x86
		{3C5F7279-BADA-43FA-88B3-C02CAA7B72B0}.Debug|x64.Build.0 = Debug|x86
		{3C5F7279-BADA-43FA-88B3-C02CAA7B72B0}.Debug|x86.ActiveCfg = Debug|x86
		{3C5F7279-BADA-43FA-88B3-C02CAA7B72B0}.Debug|x86.Build.0 = Debug|x86
		{3C5F7279-BADA-43FA-88B3-C02CAA7B72B0}.Release|Any CPU.ActiveCfg = Release|x86
		{3C5F7279-BADA-43FA-88B3-C02CAA7B72B0}.Release|Mixed Platforms.ActiveCfg = Release|x86
		{3C5F7279-BADA-43FA-88B3-C02CAA7B72B0}.Release|Mixed Platforms.Build.0 = Release|x86
		{3C5F7279-BADA-43FA-88B3-C02CAA7B72B0}.Release|x64.ActiveCfg = Release|x86
		{3C5F7279-BADA-43FA-88B3-C02CAA7B72B0}.Release|x64.Build.0 = Release|x86
		{3C5F7279-BADA-43FA-88B3-C02CAA7B72B0}.Release|x86.ActiveCfg = Release|x86
		{3C5F7279-BADA-43FA-88B3-C02CAA7B72B0}.Release|x86.Build.0 = Release|x86
		{3B18C02B-C700-4378-BC12-61F83BB4D600}.Debug|Any CPU.ActiveCfg = Debug|Any CPU
		{3B18C02B-C700-4378-BC12-61F83BB4D600}.Debug|Any CPU.Build.0 = Debug|Any CPU
		{3B18C02B-C700-4378-BC12-61F83BB4D600}.Debug|Mixed Platforms.ActiveCfg = Debug|Any CPU
		{3B18C02B-C700-4378-BC12-61F83BB4D600}.Debug|Mixed Platforms.Build.0 = Debug|Any CPU
		{3B18C02B-C700-4378-BC12-61F83BB4D600}.Debug|x64.ActiveCfg = Debug|Any CPU
		{3B18C02B-C700-4378-BC12-61F83BB4D600}.Debug|x64.Build.0 = Debug|Any CPU
		{3B18C02B-C700-4378-BC12-61F83BB4D600}.Debug|x86.ActiveCfg = Debug|Any CPU
		{3B18C02B-C700-4378-BC12-61F83BB4D600}.Release|Any CPU.ActiveCfg = Release|Any CPU
		{3B18C02B-C700-4378-BC12-61F83BB4D600}.Release|Any CPU.Build.0 = Release|Any CPU
		{3B18C02B-C700-4378-BC12-61F83BB4D600}.Release|Mixed Platforms.ActiveCfg = Release|Any CPU
		{3B18C02B-C700-4378-BC12-61F83BB4D600}.Release|Mixed Platforms.Build.0 = Release|Any CPU
		{3B18C02B-C700-4378-BC12-61F83BB4D600}.Release|x64.ActiveCfg = Release|Any CPU
		{3B18C02B-C700-4378-BC12-61F83BB4D600}.Release|x64.Build.0 = Release|Any CPU
		{3B18C02B-C700-4378-BC12-61F83BB4D600}.Release|x86.ActiveCfg = Release|Any CPU
		{90EFB1DD-5319-4EAA-80C7-9CDC733041AF}.Debug|Any CPU.ActiveCfg = Debug|Any CPU
		{90EFB1DD-5319-4EAA-80C7-9CDC733041AF}.Debug|Any CPU.Build.0 = Debug|Any CPU
		{90EFB1DD-5319-4EAA-80C7-9CDC733041AF}.Debug|Mixed Platforms.ActiveCfg = Debug|Any CPU
		{90EFB1DD-5319-4EAA-80C7-9CDC733041AF}.Debug|Mixed Platforms.Build.0 = Debug|Any CPU
		{90EFB1DD-5319-4EAA-80C7-9CDC733041AF}.Debug|x64.ActiveCfg = Debug|Any CPU
		{90EFB1DD-5319-4EAA-80C7-9CDC733041AF}.Debug|x64.Build.0 = Debug|Any CPU
		{90EFB1DD-5319-4EAA-80C7-9CDC733041AF}.Debug|x86.ActiveCfg = Debug|Any CPU
		{90EFB1DD-5319-4EAA-80C7-9CDC733041AF}.Release|Any CPU.ActiveCfg = Release|Any CPU
		{90EFB1DD-5319-4EAA-80C7-9CDC733041AF}.Release|Any CPU.Build.0 = Release|Any CPU
		{90EFB1DD-5319-4EAA-80C7-9CDC733041AF}.Release|Mixed Platforms.ActiveCfg = Release|Any CPU
		{90EFB1DD-5319-4EAA-80C7-9CDC733041AF}.Release|Mixed Platforms.Build.0 = Release|Any CPU
		{90EFB1DD-5319-4EAA-80C7-9CDC733041AF}.Release|x64.ActiveCfg = Release|Any CPU
		{90EFB1DD-5319-4EAA-80C7-9CDC733041AF}.Release|x64.Build.0 = Release|Any CPU
		{90EFB1DD-5319-4EAA-80C7-9CDC733041AF}.Release|x86.ActiveCfg = Release|Any CPU
		{756CAFAD-9BF0-4892-B53B-4B275E6F0B6B}.Debug|Any CPU.ActiveCfg = Debug|Any CPU
		{756CAFAD-9BF0-4892-B53B-4B275E6F0B6B}.Debug|Any CPU.Build.0 = Debug|Any CPU
		{756CAFAD-9BF0-4892-B53B-4B275E6F0B6B}.Debug|Mixed Platforms.ActiveCfg = Debug|Any CPU
		{756CAFAD-9BF0-4892-B53B-4B275E6F0B6B}.Debug|Mixed Platforms.Build.0 = Debug|Any CPU
		{756CAFAD-9BF0-4892-B53B-4B275E6F0B6B}.Debug|x64.ActiveCfg = Debug|Any CPU
		{756CAFAD-9BF0-4892-B53B-4B275E6F0B6B}.Debug|x64.Build.0 = Debug|Any CPU
		{756CAFAD-9BF0-4892-B53B-4B275E6F0B6B}.Debug|x86.ActiveCfg = Debug|Any CPU
		{756CAFAD-9BF0-4892-B53B-4B275E6F0B6B}.Release|Any CPU.ActiveCfg = Release|Any CPU
		{756CAFAD-9BF0-4892-B53B-4B275E6F0B6B}.Release|Any CPU.Build.0 = Release|Any CPU
		{756CAFAD-9BF0-4892-B53B-4B275E6F0B6B}.Release|Mixed Platforms.ActiveCfg = Release|Any CPU
		{756CAFAD-9BF0-4892-B53B-4B275E6F0B6B}.Release|Mixed Platforms.Build.0 = Release|Any CPU
		{756CAFAD-9BF0-4892-B53B-4B275E6F0B6B}.Release|x64.ActiveCfg = Release|Any CPU
		{756CAFAD-9BF0-4892-B53B-4B275E6F0B6B}.Release|x64.Build.0 = Release|Any CPU
		{756CAFAD-9BF0-4892-B53B-4B275E6F0B6B}.Release|x86.ActiveCfg = Release|Any CPU
		{8F394E36-C16E-4BCF-BAE7-128AB15CF5B8}.Debug|Any CPU.ActiveCfg = Debug|Any CPU
		{8F394E36-C16E-4BCF-BAE7-128AB15CF5B8}.Debug|Any CPU.Build.0 = Debug|Any CPU
		{8F394E36-C16E-4BCF-BAE7-128AB15CF5B8}.Debug|Mixed Platforms.ActiveCfg = Debug|Any CPU
		{8F394E36-C16E-4BCF-BAE7-128AB15CF5B8}.Debug|Mixed Platforms.Build.0 = Debug|Any CPU
		{8F394E36-C16E-4BCF-BAE7-128AB15CF5B8}.Debug|x64.ActiveCfg = Debug|Any CPU
		{8F394E36-C16E-4BCF-BAE7-128AB15CF5B8}.Debug|x64.Build.0 = Debug|Any CPU
		{8F394E36-C16E-4BCF-BAE7-128AB15CF5B8}.Debug|x86.ActiveCfg = Debug|Any CPU
		{8F394E36-C16E-4BCF-BAE7-128AB15CF5B8}.Release|Any CPU.ActiveCfg = Release|Any CPU
		{8F394E36-C16E-4BCF-BAE7-128AB15CF5B8}.Release|Any CPU.Build.0 = Release|Any CPU
		{8F394E36-C16E-4BCF-BAE7-128AB15CF5B8}.Release|Mixed Platforms.ActiveCfg = Release|Any CPU
		{8F394E36-C16E-4BCF-BAE7-128AB15CF5B8}.Release|Mixed Platforms.Build.0 = Release|Any CPU
		{8F394E36-C16E-4BCF-BAE7-128AB15CF5B8}.Release|x64.ActiveCfg = Release|Any CPU
		{8F394E36-C16E-4BCF-BAE7-128AB15CF5B8}.Release|x64.Build.0 = Release|Any CPU
		{8F394E36-C16E-4BCF-BAE7-128AB15CF5B8}.Release|x86.ActiveCfg = Release|Any CPU
		{1F46A0BF-E6CD-473F-B1E6-CEE32A36F2B0}.Debug|Any CPU.ActiveCfg = Debug|Any CPU
		{1F46A0BF-E6CD-473F-B1E6-CEE32A36F2B0}.Debug|Any CPU.Build.0 = Debug|Any CPU
		{1F46A0BF-E6CD-473F-B1E6-CEE32A36F2B0}.Debug|Mixed Platforms.ActiveCfg = Debug|Any CPU
		{1F46A0BF-E6CD-473F-B1E6-CEE32A36F2B0}.Debug|Mixed Platforms.Build.0 = Debug|Any CPU
		{1F46A0BF-E6CD-473F-B1E6-CEE32A36F2B0}.Debug|x64.ActiveCfg = Debug|Any CPU
		{1F46A0BF-E6CD-473F-B1E6-CEE32A36F2B0}.Debug|x64.Build.0 = Debug|Any CPU
		{1F46A0BF-E6CD-473F-B1E6-CEE32A36F2B0}.Debug|x86.ActiveCfg = Debug|Any CPU
		{1F46A0BF-E6CD-473F-B1E6-CEE32A36F2B0}.Release|Any CPU.ActiveCfg = Release|Any CPU
		{1F46A0BF-E6CD-473F-B1E6-CEE32A36F2B0}.Release|Any CPU.Build.0 = Release|Any CPU
		{1F46A0BF-E6CD-473F-B1E6-CEE32A36F2B0}.Release|Mixed Platforms.ActiveCfg = Release|Any CPU
		{1F46A0BF-E6CD-473F-B1E6-CEE32A36F2B0}.Release|Mixed Platforms.Build.0 = Release|Any CPU
		{1F46A0BF-E6CD-473F-B1E6-CEE32A36F2B0}.Release|x64.ActiveCfg = Release|x64
		{1F46A0BF-E6CD-473F-B1E6-CEE32A36F2B0}.Release|x64.Build.0 = Release|x64
		{1F46A0BF-E6CD-473F-B1E6-CEE32A36F2B0}.Release|x86.ActiveCfg = Release|Any CPU
		{2EF6457A-697C-41BD-B8E4-4D806335AC74}.Debug|Any CPU.ActiveCfg = Debug|Any CPU
		{2EF6457A-697C-41BD-B8E4-4D806335AC74}.Debug|Any CPU.Build.0 = Debug|Any CPU
		{2EF6457A-697C-41BD-B8E4-4D806335AC74}.Debug|Mixed Platforms.ActiveCfg = Debug|Any CPU
		{2EF6457A-697C-41BD-B8E4-4D806335AC74}.Debug|Mixed Platforms.Build.0 = Debug|Any CPU
		{2EF6457A-697C-41BD-B8E4-4D806335AC74}.Debug|x64.ActiveCfg = Debug|Any CPU
		{2EF6457A-697C-41BD-B8E4-4D806335AC74}.Debug|x64.Build.0 = Debug|Any CPU
		{2EF6457A-697C-41BD-B8E4-4D806335AC74}.Debug|x86.ActiveCfg = Debug|Any CPU
		{2EF6457A-697C-41BD-B8E4-4D806335AC74}.Debug|x86.Build.0 = Debug|Any CPU
		{2EF6457A-697C-41BD-B8E4-4D806335AC74}.Release|Any CPU.ActiveCfg = Release|Any CPU
		{2EF6457A-697C-41BD-B8E4-4D806335AC74}.Release|Any CPU.Build.0 = Release|Any CPU
		{2EF6457A-697C-41BD-B8E4-4D806335AC74}.Release|Mixed Platforms.ActiveCfg = Release|Any CPU
		{2EF6457A-697C-41BD-B8E4-4D806335AC74}.Release|Mixed Platforms.Build.0 = Release|Any CPU
		{2EF6457A-697C-41BD-B8E4-4D806335AC74}.Release|x64.ActiveCfg = Release|Any CPU
		{2EF6457A-697C-41BD-B8E4-4D806335AC74}.Release|x64.Build.0 = Release|Any CPU
		{2EF6457A-697C-41BD-B8E4-4D806335AC74}.Release|x86.ActiveCfg = Release|Any CPU
		{2EF6457A-697C-41BD-B8E4-4D806335AC74}.Release|x86.Build.0 = Release|Any CPU
		{62337363-63B5-4DFE-84D9-C5348B3CFD8D}.Debug|Any CPU.ActiveCfg = Debug|Any CPU
		{62337363-63B5-4DFE-84D9-C5348B3CFD8D}.Debug|Any CPU.Build.0 = Debug|Any CPU
		{62337363-63B5-4DFE-84D9-C5348B3CFD8D}.Debug|Mixed Platforms.ActiveCfg = Debug|Any CPU
		{62337363-63B5-4DFE-84D9-C5348B3CFD8D}.Debug|Mixed Platforms.Build.0 = Debug|Any CPU
		{62337363-63B5-4DFE-84D9-C5348B3CFD8D}.Debug|x64.ActiveCfg = Debug|Any CPU
		{62337363-63B5-4DFE-84D9-C5348B3CFD8D}.Debug|x64.Build.0 = Debug|Any CPU
		{62337363-63B5-4DFE-84D9-C5348B3CFD8D}.Debug|x86.ActiveCfg = Debug|Any CPU
		{62337363-63B5-4DFE-84D9-C5348B3CFD8D}.Debug|x86.Build.0 = Debug|Any CPU
		{62337363-63B5-4DFE-84D9-C5348B3CFD8D}.Release|Any CPU.ActiveCfg = Release|Any CPU
		{62337363-63B5-4DFE-84D9-C5348B3CFD8D}.Release|Any CPU.Build.0 = Release|Any CPU
		{62337363-63B5-4DFE-84D9-C5348B3CFD8D}.Release|Mixed Platforms.ActiveCfg = Release|Any CPU
		{62337363-63B5-4DFE-84D9-C5348B3CFD8D}.Release|Mixed Platforms.Build.0 = Release|Any CPU
		{62337363-63B5-4DFE-84D9-C5348B3CFD8D}.Release|x64.ActiveCfg = Release|Any CPU
		{62337363-63B5-4DFE-84D9-C5348B3CFD8D}.Release|x64.Build.0 = Release|Any CPU
		{62337363-63B5-4DFE-84D9-C5348B3CFD8D}.Release|x86.ActiveCfg = Release|Any CPU
		{62337363-63B5-4DFE-84D9-C5348B3CFD8D}.Release|x86.Build.0 = Release|Any CPU
		{279A0BCC-2EE7-43D6-858F-4A800E995951}.Debug|Any CPU.ActiveCfg = Debug|Any CPU
		{279A0BCC-2EE7-43D6-858F-4A800E995951}.Debug|Any CPU.Build.0 = Debug|Any CPU
		{279A0BCC-2EE7-43D6-858F-4A800E995951}.Debug|Mixed Platforms.ActiveCfg = Debug|Any CPU
		{279A0BCC-2EE7-43D6-858F-4A800E995951}.Debug|Mixed Platforms.Build.0 = Debug|Any CPU
		{279A0BCC-2EE7-43D6-858F-4A800E995951}.Debug|x64.ActiveCfg = Debug|Any CPU
		{279A0BCC-2EE7-43D6-858F-4A800E995951}.Debug|x64.Build.0 = Debug|Any CPU
		{279A0BCC-2EE7-43D6-858F-4A800E995951}.Debug|x86.ActiveCfg = Debug|Any CPU
		{279A0BCC-2EE7-43D6-858F-4A800E995951}.Debug|x86.Build.0 = Debug|Any CPU
		{279A0BCC-2EE7-43D6-858F-4A800E995951}.Release|Any CPU.ActiveCfg = Release|Any CPU
		{279A0BCC-2EE7-43D6-858F-4A800E995951}.Release|Any CPU.Build.0 = Release|Any CPU
		{279A0BCC-2EE7-43D6-858F-4A800E995951}.Release|Mixed Platforms.ActiveCfg = Release|Any CPU
		{279A0BCC-2EE7-43D6-858F-4A800E995951}.Release|Mixed Platforms.Build.0 = Release|Any CPU
		{279A0BCC-2EE7-43D6-858F-4A800E995951}.Release|x64.ActiveCfg = Release|Any CPU
		{279A0BCC-2EE7-43D6-858F-4A800E995951}.Release|x64.Build.0 = Release|Any CPU
		{279A0BCC-2EE7-43D6-858F-4A800E995951}.Release|x86.ActiveCfg = Release|Any CPU
		{279A0BCC-2EE7-43D6-858F-4A800E995951}.Release|x86.Build.0 = Release|Any CPU
		{8EFC1D03-A9D7-427A-B1E9-B4FD3CCC77BD}.Debug|Any CPU.ActiveCfg = Debug|Any CPU
		{8EFC1D03-A9D7-427A-B1E9-B4FD3CCC77BD}.Debug|Any CPU.Build.0 = Debug|Any CPU
		{8EFC1D03-A9D7-427A-B1E9-B4FD3CCC77BD}.Debug|Mixed Platforms.ActiveCfg = Debug|Any CPU
		{8EFC1D03-A9D7-427A-B1E9-B4FD3CCC77BD}.Debug|Mixed Platforms.Build.0 = Debug|Any CPU
		{8EFC1D03-A9D7-427A-B1E9-B4FD3CCC77BD}.Debug|x64.ActiveCfg = Debug|Any CPU
		{8EFC1D03-A9D7-427A-B1E9-B4FD3CCC77BD}.Debug|x64.Build.0 = Debug|Any CPU
		{8EFC1D03-A9D7-427A-B1E9-B4FD3CCC77BD}.Debug|x86.ActiveCfg = Debug|Any CPU
		{8EFC1D03-A9D7-427A-B1E9-B4FD3CCC77BD}.Debug|x86.Build.0 = Debug|Any CPU
		{8EFC1D03-A9D7-427A-B1E9-B4FD3CCC77BD}.Release|Any CPU.ActiveCfg = Release|Any CPU
		{8EFC1D03-A9D7-427A-B1E9-B4FD3CCC77BD}.Release|Any CPU.Build.0 = Release|Any CPU
		{8EFC1D03-A9D7-427A-B1E9-B4FD3CCC77BD}.Release|Mixed Platforms.ActiveCfg = Release|Any CPU
		{8EFC1D03-A9D7-427A-B1E9-B4FD3CCC77BD}.Release|Mixed Platforms.Build.0 = Release|Any CPU
		{8EFC1D03-A9D7-427A-B1E9-B4FD3CCC77BD}.Release|x64.ActiveCfg = Release|Any CPU
		{8EFC1D03-A9D7-427A-B1E9-B4FD3CCC77BD}.Release|x64.Build.0 = Release|Any CPU
		{8EFC1D03-A9D7-427A-B1E9-B4FD3CCC77BD}.Release|x86.ActiveCfg = Release|Any CPU
		{8EFC1D03-A9D7-427A-B1E9-B4FD3CCC77BD}.Release|x86.Build.0 = Release|Any CPU
		{EDBB16D4-CFF4-4CC9-B979-74F23ADF218D}.Debug|Any CPU.ActiveCfg = Debug|Any CPU
		{EDBB16D4-CFF4-4CC9-B979-74F23ADF218D}.Debug|Any CPU.Build.0 = Debug|Any CPU
		{EDBB16D4-CFF4-4CC9-B979-74F23ADF218D}.Debug|Mixed Platforms.ActiveCfg = Debug|Any CPU
		{EDBB16D4-CFF4-4CC9-B979-74F23ADF218D}.Debug|Mixed Platforms.Build.0 = Debug|Any CPU
		{EDBB16D4-CFF4-4CC9-B979-74F23ADF218D}.Debug|x64.ActiveCfg = Debug|Any CPU
		{EDBB16D4-CFF4-4CC9-B979-74F23ADF218D}.Debug|x64.Build.0 = Debug|Any CPU
		{EDBB16D4-CFF4-4CC9-B979-74F23ADF218D}.Debug|x86.ActiveCfg = Debug|Any CPU
		{EDBB16D4-CFF4-4CC9-B979-74F23ADF218D}.Debug|x86.Build.0 = Debug|Any CPU
		{EDBB16D4-CFF4-4CC9-B979-74F23ADF218D}.Release|Any CPU.ActiveCfg = Release|Any CPU
		{EDBB16D4-CFF4-4CC9-B979-74F23ADF218D}.Release|Any CPU.Build.0 = Release|Any CPU
		{EDBB16D4-CFF4-4CC9-B979-74F23ADF218D}.Release|Mixed Platforms.ActiveCfg = Release|Any CPU
		{EDBB16D4-CFF4-4CC9-B979-74F23ADF218D}.Release|Mixed Platforms.Build.0 = Release|Any CPU
		{EDBB16D4-CFF4-4CC9-B979-74F23ADF218D}.Release|x64.ActiveCfg = Release|Any CPU
		{EDBB16D4-CFF4-4CC9-B979-74F23ADF218D}.Release|x64.Build.0 = Release|Any CPU
		{EDBB16D4-CFF4-4CC9-B979-74F23ADF218D}.Release|x86.ActiveCfg = Release|Any CPU
		{EDBB16D4-CFF4-4CC9-B979-74F23ADF218D}.Release|x86.Build.0 = Release|Any CPU
		{4E913071-CE09-46DE-93B8-4975742F68D2}.Debug|Any CPU.ActiveCfg = Debug|Any CPU
		{4E913071-CE09-46DE-93B8-4975742F68D2}.Debug|Any CPU.Build.0 = Debug|Any CPU
		{4E913071-CE09-46DE-93B8-4975742F68D2}.Debug|Mixed Platforms.ActiveCfg = Debug|Any CPU
		{4E913071-CE09-46DE-93B8-4975742F68D2}.Debug|Mixed Platforms.Build.0 = Debug|Any CPU
		{4E913071-CE09-46DE-93B8-4975742F68D2}.Debug|x64.ActiveCfg = Debug|Any CPU
		{4E913071-CE09-46DE-93B8-4975742F68D2}.Debug|x64.Build.0 = Debug|Any CPU
		{4E913071-CE09-46DE-93B8-4975742F68D2}.Debug|x86.ActiveCfg = Debug|Any CPU
		{4E913071-CE09-46DE-93B8-4975742F68D2}.Debug|x86.Build.0 = Debug|Any CPU
		{4E913071-CE09-46DE-93B8-4975742F68D2}.Release|Any CPU.ActiveCfg = Release|Any CPU
		{4E913071-CE09-46DE-93B8-4975742F68D2}.Release|Any CPU.Build.0 = Release|Any CPU
		{4E913071-CE09-46DE-93B8-4975742F68D2}.Release|Mixed Platforms.ActiveCfg = Release|Any CPU
		{4E913071-CE09-46DE-93B8-4975742F68D2}.Release|Mixed Platforms.Build.0 = Release|Any CPU
		{4E913071-CE09-46DE-93B8-4975742F68D2}.Release|x64.ActiveCfg = Release|Any CPU
		{4E913071-CE09-46DE-93B8-4975742F68D2}.Release|x64.Build.0 = Release|Any CPU
		{4E913071-CE09-46DE-93B8-4975742F68D2}.Release|x86.ActiveCfg = Release|Any CPU
		{4E913071-CE09-46DE-93B8-4975742F68D2}.Release|x86.Build.0 = Release|Any CPU
		{D85A397D-1738-446C-BF05-A55F941188EC}.Debug|Any CPU.ActiveCfg = Debug|Any CPU
		{D85A397D-1738-446C-BF05-A55F941188EC}.Debug|Any CPU.Build.0 = Debug|Any CPU
		{D85A397D-1738-446C-BF05-A55F941188EC}.Debug|Mixed Platforms.ActiveCfg = Debug|Any CPU
		{D85A397D-1738-446C-BF05-A55F941188EC}.Debug|Mixed Platforms.Build.0 = Debug|Any CPU
		{D85A397D-1738-446C-BF05-A55F941188EC}.Debug|x64.ActiveCfg = Debug|Any CPU
		{D85A397D-1738-446C-BF05-A55F941188EC}.Debug|x64.Build.0 = Debug|Any CPU
		{D85A397D-1738-446C-BF05-A55F941188EC}.Debug|x86.ActiveCfg = Debug|Any CPU
		{D85A397D-1738-446C-BF05-A55F941188EC}.Debug|x86.Build.0 = Debug|Any CPU
		{D85A397D-1738-446C-BF05-A55F941188EC}.Release|Any CPU.ActiveCfg = Release|Any CPU
		{D85A397D-1738-446C-BF05-A55F941188EC}.Release|Any CPU.Build.0 = Release|Any CPU
		{D85A397D-1738-446C-BF05-A55F941188EC}.Release|Mixed Platforms.ActiveCfg = Release|Any CPU
		{D85A397D-1738-446C-BF05-A55F941188EC}.Release|Mixed Platforms.Build.0 = Release|Any CPU
		{D85A397D-1738-446C-BF05-A55F941188EC}.Release|x64.ActiveCfg = Release|Any CPU
		{D85A397D-1738-446C-BF05-A55F941188EC}.Release|x64.Build.0 = Release|Any CPU
		{D85A397D-1738-446C-BF05-A55F941188EC}.Release|x86.ActiveCfg = Release|Any CPU
		{D85A397D-1738-446C-BF05-A55F941188EC}.Release|x86.Build.0 = Release|Any CPU
		{B69FDD41-DBE2-4B2C-808D-E218CF89EBDD}.Debug|Any CPU.ActiveCfg = Debug|Any CPU
		{B69FDD41-DBE2-4B2C-808D-E218CF89EBDD}.Debug|Any CPU.Build.0 = Debug|Any CPU
		{B69FDD41-DBE2-4B2C-808D-E218CF89EBDD}.Debug|Mixed Platforms.ActiveCfg = Debug|Any CPU
		{B69FDD41-DBE2-4B2C-808D-E218CF89EBDD}.Debug|Mixed Platforms.Build.0 = Debug|Any CPU
		{B69FDD41-DBE2-4B2C-808D-E218CF89EBDD}.Debug|x64.ActiveCfg = Debug|Any CPU
		{B69FDD41-DBE2-4B2C-808D-E218CF89EBDD}.Debug|x64.Build.0 = Debug|Any CPU
		{B69FDD41-DBE2-4B2C-808D-E218CF89EBDD}.Debug|x86.ActiveCfg = Debug|Any CPU
		{B69FDD41-DBE2-4B2C-808D-E218CF89EBDD}.Debug|x86.Build.0 = Debug|Any CPU
		{B69FDD41-DBE2-4B2C-808D-E218CF89EBDD}.Release|Any CPU.ActiveCfg = Release|Any CPU
		{B69FDD41-DBE2-4B2C-808D-E218CF89EBDD}.Release|Any CPU.Build.0 = Release|Any CPU
		{B69FDD41-DBE2-4B2C-808D-E218CF89EBDD}.Release|Mixed Platforms.ActiveCfg = Release|Any CPU
		{B69FDD41-DBE2-4B2C-808D-E218CF89EBDD}.Release|Mixed Platforms.Build.0 = Release|Any CPU
		{B69FDD41-DBE2-4B2C-808D-E218CF89EBDD}.Release|x64.ActiveCfg = Release|Any CPU
		{B69FDD41-DBE2-4B2C-808D-E218CF89EBDD}.Release|x64.Build.0 = Release|Any CPU
		{B69FDD41-DBE2-4B2C-808D-E218CF89EBDD}.Release|x86.ActiveCfg = Release|Any CPU
		{B69FDD41-DBE2-4B2C-808D-E218CF89EBDD}.Release|x86.Build.0 = Release|Any CPU
		{F1A2B3C4-D5E6-7890-ABCD-1234567890AB}.Debug|Any CPU.ActiveCfg = Debug|Any CPU
		{F1A2B3C4-D5E6-7890-ABCD-1234567890AB}.Debug|Any CPU.Build.0 = Debug|Any CPU
		{F1A2B3C4-D5E6-7890-ABCD-1234567890AB}.Debug|Mixed Platforms.ActiveCfg = Debug|Any CPU
		{F1A2B3C4-D5E6-7890-ABCD-1234567890AB}.Debug|Mixed Platforms.Build.0 = Debug|Any CPU
		{F1A2B3C4-D5E6-7890-ABCD-1234567890AB}.Debug|x64.ActiveCfg = Debug|Any CPU
		{F1A2B3C4-D5E6-7890-ABCD-1234567890AB}.Debug|x64.Build.0 = Debug|Any CPU
		{F1A2B3C4-D5E6-7890-ABCD-1234567890AB}.Debug|x86.ActiveCfg = Debug|Any CPU
		{F1A2B3C4-D5E6-7890-ABCD-1234567890AB}.Debug|x86.Build.0 = Debug|Any CPU
		{F1A2B3C4-D5E6-7890-ABCD-1234567890AB}.Release|Any CPU.ActiveCfg = Release|Any CPU
		{F1A2B3C4-D5E6-7890-ABCD-1234567890AB}.Release|Any CPU.Build.0 = Release|Any CPU
		{F1A2B3C4-D5E6-7890-ABCD-1234567890AB}.Release|Mixed Platforms.ActiveCfg = Release|Any CPU
		{F1A2B3C4-D5E6-7890-ABCD-1234567890AB}.Release|Mixed Platforms.Build.0 = Release|Any CPU
		{F1A2B3C4-D5E6-7890-ABCD-1234567890AB}.Release|x64.ActiveCfg = Release|Any CPU
		{F1A2B3C4-D5E6-7890-ABCD-1234567890AB}.Release|x64.Build.0 = Release|Any CPU
		{F1A2B3C4-D5E6-7890-ABCD-1234567890AB}.Release|x86.ActiveCfg = Release|Any CPU
		{F1A2B3C4-D5E6-7890-ABCD-1234567890AB}.Release|x86.Build.0 = Release|Any CPU
		{E2F3A4B5-C6D7-8901-ABCD-234567890ABC}.Debug|Any CPU.ActiveCfg = Debug|Any CPU
		{E2F3A4B5-C6D7-8901-ABCD-234567890ABC}.Debug|Any CPU.Build.0 = Debug|Any CPU
		{E2F3A4B5-C6D7-8901-ABCD-234567890ABC}.Debug|Mixed Platforms.ActiveCfg = Debug|Any CPU
		{E2F3A4B5-C6D7-8901-ABCD-234567890ABC}.Debug|Mixed Platforms.Build.0 = Debug|Any CPU
		{E2F3A4B5-C6D7-8901-ABCD-234567890ABC}.Debug|x64.ActiveCfg = Debug|Any CPU
		{E2F3A4B5-C6D7-8901-ABCD-234567890ABC}.Debug|x64.Build.0 = Debug|Any CPU
		{E2F3A4B5-C6D7-8901-ABCD-234567890ABC}.Debug|x86.ActiveCfg = Debug|Any CPU
		{E2F3A4B5-C6D7-8901-ABCD-234567890ABC}.Debug|x86.Build.0 = Debug|Any CPU
		{E2F3A4B5-C6D7-8901-ABCD-234567890ABC}.Release|Any CPU.ActiveCfg = Release|Any CPU
		{E2F3A4B5-C6D7-8901-ABCD-234567890ABC}.Release|Any CPU.Build.0 = Release|Any CPU
		{E2F3A4B5-C6D7-8901-ABCD-234567890ABC}.Release|Mixed Platforms.ActiveCfg = Release|Any CPU
		{E2F3A4B5-C6D7-8901-ABCD-234567890ABC}.Release|Mixed Platforms.Build.0 = Release|Any CPU
		{E2F3A4B5-C6D7-8901-ABCD-234567890ABC}.Release|x64.ActiveCfg = Release|Any CPU
		{E2F3A4B5-C6D7-8901-ABCD-234567890ABC}.Release|x64.Build.0 = Release|Any CPU
		{E2F3A4B5-C6D7-8901-ABCD-234567890ABC}.Release|x86.ActiveCfg = Release|Any CPU
		{E2F3A4B5-C6D7-8901-ABCD-234567890ABC}.Release|x86.Build.0 = Release|Any CPU
		{D1E2F3A4-B5C6-7890-DCBA-FE9876543210}.Debug|Any CPU.ActiveCfg = Debug|Any CPU
		{D1E2F3A4-B5C6-7890-DCBA-FE9876543210}.Debug|Any CPU.Build.0 = Debug|Any CPU
		{D1E2F3A4-B5C6-7890-DCBA-FE9876543210}.Debug|Mixed Platforms.ActiveCfg = Debug|Any CPU
		{D1E2F3A4-B5C6-7890-DCBA-FE9876543210}.Debug|Mixed Platforms.Build.0 = Debug|Any CPU
		{D1E2F3A4-B5C6-7890-DCBA-FE9876543210}.Debug|x64.ActiveCfg = Debug|Any CPU
		{D1E2F3A4-B5C6-7890-DCBA-FE9876543210}.Debug|x64.Build.0 = Debug|Any CPU
		{D1E2F3A4-B5C6-7890-DCBA-FE9876543210}.Debug|x86.ActiveCfg = Debug|Any CPU
		{D1E2F3A4-B5C6-7890-DCBA-FE9876543210}.Debug|x86.Build.0 = Debug|Any CPU
		{D1E2F3A4-B5C6-7890-DCBA-FE9876543210}.Release|Any CPU.ActiveCfg = Release|Any CPU
		{D1E2F3A4-B5C6-7890-DCBA-FE9876543210}.Release|Any CPU.Build.0 = Release|Any CPU
		{D1E2F3A4-B5C6-7890-DCBA-FE9876543210}.Release|Mixed Platforms.ActiveCfg = Release|Any CPU
		{D1E2F3A4-B5C6-7890-DCBA-FE9876543210}.Release|Mixed Platforms.Build.0 = Release|Any CPU
		{D1E2F3A4-B5C6-7890-DCBA-FE9876543210}.Release|x64.ActiveCfg = Release|Any CPU
		{D1E2F3A4-B5C6-7890-DCBA-FE9876543210}.Release|x64.Build.0 = Release|Any CPU
		{D1E2F3A4-B5C6-7890-DCBA-FE9876543210}.Release|x86.ActiveCfg = Release|Any CPU
		{D1E2F3A4-B5C6-7890-DCBA-FE9876543210}.Release|x86.Build.0 = Release|Any CPU
		{736A3BEA-AF15-4F9C-815F-1B9F499A2AD5}.Debug|Any CPU.ActiveCfg = Debug|Any CPU
		{736A3BEA-AF15-4F9C-815F-1B9F499A2AD5}.Debug|Any CPU.Build.0 = Debug|Any CPU
		{736A3BEA-AF15-4F9C-815F-1B9F499A2AD5}.Debug|Mixed Platforms.ActiveCfg = Debug|Any CPU
		{736A3BEA-AF15-4F9C-815F-1B9F499A2AD5}.Debug|Mixed Platforms.Build.0 = Debug|Any CPU
		{736A3BEA-AF15-4F9C-815F-1B9F499A2AD5}.Debug|x64.ActiveCfg = Debug|Any CPU
		{736A3BEA-AF15-4F9C-815F-1B9F499A2AD5}.Debug|x64.Build.0 = Debug|Any CPU
		{736A3BEA-AF15-4F9C-815F-1B9F499A2AD5}.Debug|x86.ActiveCfg = Debug|Any CPU
		{736A3BEA-AF15-4F9C-815F-1B9F499A2AD5}.Debug|x86.Build.0 = Debug|Any CPU
		{736A3BEA-AF15-4F9C-815F-1B9F499A2AD5}.Release|Any CPU.ActiveCfg = Release|Any CPU
		{736A3BEA-AF15-4F9C-815F-1B9F499A2AD5}.Release|Any CPU.Build.0 = Release|Any CPU
		{736A3BEA-AF15-4F9C-815F-1B9F499A2AD5}.Release|Mixed Platforms.ActiveCfg = Release|Any CPU
		{736A3BEA-AF15-4F9C-815F-1B9F499A2AD5}.Release|Mixed Platforms.Build.0 = Release|Any CPU
		{736A3BEA-AF15-4F9C-815F-1B9F499A2AD5}.Release|x64.ActiveCfg = Release|Any CPU
		{736A3BEA-AF15-4F9C-815F-1B9F499A2AD5}.Release|x64.Build.0 = Release|Any CPU
		{736A3BEA-AF15-4F9C-815F-1B9F499A2AD5}.Release|x86.ActiveCfg = Release|Any CPU
		{736A3BEA-AF15-4F9C-815F-1B9F499A2AD5}.Release|x86.Build.0 = Release|Any CPU
		{A1888E3A-3194-4633-9AEE-9C2216D7BF8A}.Debug|Any CPU.ActiveCfg = Debug|Any CPU
		{A1888E3A-3194-4633-9AEE-9C2216D7BF8A}.Debug|Any CPU.Build.0 = Debug|Any CPU
		{A1888E3A-3194-4633-9AEE-9C2216D7BF8A}.Debug|Mixed Platforms.ActiveCfg = Debug|Any CPU
		{A1888E3A-3194-4633-9AEE-9C2216D7BF8A}.Debug|Mixed Platforms.Build.0 = Debug|Any CPU
		{A1888E3A-3194-4633-9AEE-9C2216D7BF8A}.Debug|x64.ActiveCfg = Debug|Any CPU
		{A1888E3A-3194-4633-9AEE-9C2216D7BF8A}.Debug|x64.Build.0 = Debug|Any CPU
		{A1888E3A-3194-4633-9AEE-9C2216D7BF8A}.Debug|x86.ActiveCfg = Debug|Any CPU
		{A1888E3A-3194-4633-9AEE-9C2216D7BF8A}.Debug|x86.Build.0 = Debug|Any CPU
		{A1888E3A-3194-4633-9AEE-9C2216D7BF8A}.Release|Any CPU.ActiveCfg = Release|Any CPU
		{A1888E3A-3194-4633-9AEE-9C2216D7BF8A}.Release|Any CPU.Build.0 = Release|Any CPU
		{A1888E3A-3194-4633-9AEE-9C2216D7BF8A}.Release|Mixed Platforms.ActiveCfg = Release|Any CPU
		{A1888E3A-3194-4633-9AEE-9C2216D7BF8A}.Release|Mixed Platforms.Build.0 = Release|Any CPU
		{A1888E3A-3194-4633-9AEE-9C2216D7BF8A}.Release|x64.ActiveCfg = Release|Any CPU
		{A1888E3A-3194-4633-9AEE-9C2216D7BF8A}.Release|x64.Build.0 = Release|Any CPU
		{A1888E3A-3194-4633-9AEE-9C2216D7BF8A}.Release|x86.ActiveCfg = Release|Any CPU
		{A1888E3A-3194-4633-9AEE-9C2216D7BF8A}.Release|x86.Build.0 = Release|Any CPU
	EndGlobalSection
	GlobalSection(SolutionProperties) = preSolution
		HideSolutionNode = FALSE
	EndGlobalSection
	GlobalSection(NestedProjects) = preSolution
		{D85A397D-1738-446C-BF05-A55F941188EC} = {02EA681E-C7D8-13C7-8484-4AC65E1B71E8}
		{E2F3A4B5-C6D7-8901-ABCD-234567890ABC} = {02EA681E-C7D8-13C7-8484-4AC65E1B71E8}
		{D1E2F3A4-B5C6-7890-DCBA-FE9876543210} = {02EA681E-C7D8-13C7-8484-4AC65E1B71E8}
	EndGlobalSection
	GlobalSection(ExtensibilityGlobals) = postSolution
		SolutionGuid = {5E740438-1B49-4959-8B56-7BE185AC056C}
	EndGlobalSection
EndGlobal
