Microsoft Visual Studio Solution File, Format Version 12.00
# Visual Studio Version 17
VisualStudioVersion = 17.14.36616.10
MinimumVisualStudioVersion = 10.0.40219.1
Project("{FAE04EC0-301F-11D3-BF4B-00C04F79EFBC}") = "CarrierIDReader.ManualTestGui", "CarrierIDReader.ManualTestGui.csproj", "{B2C3D4E5-F6A7-48B9-0C1D-223344556677}"
EndProject
Project("{FAE04EC0-301F-11D3-BF4B-00C04F79EFBC}") = "TDKController", "..\..\TDKController\TDKController.csproj", "{62337363-63B5-4DFE-84D9-C5348B3CFD8D}"
EndProject
Project("{FAE04EC0-301F-11D3-BF4B-00C04F79EFBC}") = "Communication", "..\..\Communication\Communication.csproj", "{279A0BCC-2EE7-43D6-858F-4A800E995951}"
EndProject
Project("{FAE04EC0-301F-11D3-BF4B-00C04F79EFBC}") = "TDKLogUtility", "..\..\TDKLogUtility\TDKLogUtility.csproj", "{B69FDD41-DBE2-4B2C-808D-E218CF89EBDD}"
EndProject
Project("{FAE04EC0-301F-11D3-BF4B-00C04F79EFBC}") = "EFEMDataCenter", "..\..\EFEMDataCenter\EFEMDataCenter.csproj", "{8F394E36-C16E-4BCF-BAE7-128AB15CF5B8}"
EndProject
Global
	GlobalSection(SolutionConfigurationPlatforms) = preSolution
		Debug|Any CPU = Debug|Any CPU
		Release|Any CPU = Release|Any CPU
	EndGlobalSection
	GlobalSection(ProjectConfigurationPlatforms) = postSolution
		{B2C3D4E5-F6A7-48B9-0C1D-223344556677}.Debug|Any CPU.ActiveCfg = Debug|Any CPU
		{B2C3D4E5-F6A7-48B9-0C1D-223344556677}.Debug|Any CPU.Build.0 = Debug|Any CPU
		{B2C3D4E5-F6A7-48B9-0C1D-223344556677}.Release|Any CPU.ActiveCfg = Release|Any CPU
		{B2C3D4E5-F6A7-48B9-0C1D-223344556677}.Release|Any CPU.Build.0 = Release|Any CPU
		{62337363-63B5-4DFE-84D9-C5348B3CFD8D}.Debug|Any CPU.ActiveCfg = Debug|Any CPU
		{62337363-63B5-4DFE-84D9-C5348B3CFD8D}.Debug|Any CPU.Build.0 = Debug|Any CPU
		{62337363-63B5-4DFE-84D9-C5348B3CFD8D}.Release|Any CPU.ActiveCfg = Release|Any CPU
		{62337363-63B5-4DFE-84D9-C5348B3CFD8D}.Release|Any CPU.Build.0 = Release|Any CPU
		{279A0BCC-2EE7-43D6-858F-4A800E995951}.Debug|Any CPU.ActiveCfg = Debug|Any CPU
		{279A0BCC-2EE7-43D6-858F-4A800E995951}.Debug|Any CPU.Build.0 = Debug|Any CPU
		{279A0BCC-2EE7-43D6-858F-4A800E995951}.Release|Any CPU.ActiveCfg = Release|Any CPU
		{279A0BCC-2EE7-43D6-858F-4A800E995951}.Release|Any CPU.Build.0 = Release|Any CPU
		{B69FDD41-DBE2-4B2C-808D-E218CF89EBDD}.Debug|Any CPU.ActiveCfg = Debug|Any CPU
		{B69FDD41-DBE2-4B2C-808D-E218CF89EBDD}.Debug|Any CPU.Build.0 = Debug|Any CPU
		{B69FDD41-DBE2-4B2C-808D-E218CF89EBDD}.Release|Any CPU.ActiveCfg = Release|Any CPU
		{B69FDD41-DBE2-4B2C-808D-E218CF89EBDD}.Release|Any CPU.Build.0 = Release|Any CPU
		{8F394E36-C16E-4BCF-BAE7-128AB15CF5B8}.Debug|Any CPU.ActiveCfg = Debug|Any CPU
		{8F394E36-C16E-4BCF-BAE7-128AB15CF5B8}.Debug|Any CPU.Build.0 = Debug|Any CPU
		{8F394E36-C16E-4BCF-BAE7-128AB15CF5B8}.Release|Any CPU.ActiveCfg = Release|Any CPU
		{8F394E36-C16E-4BCF-BAE7-128AB15CF5B8}.Release|Any CPU.Build.0 = Release|Any CPU
	EndGlobalSection
	GlobalSection(SolutionProperties) = preSolution
		HideSolutionNode = FALSE
	EndGlobalSection
EndGlobal
